// !$*UTF8*$!
{
	archiveVersion = 1;
	classes = {
	};
	objectVersion = 48;
	objects = {

/* Begin PBXBuildFile section */
		DE5A93F81FB14EA8000B4368 /* AppDelegate.swift in Sources */ = {isa = PBXBuildFile; fileRef = DE5A93F71FB14EA8000B4368 /* AppDelegate.swift */; };
		DE5A93FA1FB14EA8000B4368 /* MasterViewController.swift in Sources */ = {isa = PBXBuildFile; fileRef = DE5A93F91FB14EA8000B4368 /* MasterViewController.swift */; };
		DE5A93FC1FB14EA8000B4368 /* DetailViewController.swift in Sources */ = {isa = PBXBuildFile; fileRef = DE5A93FB1FB14EA8000B4368 /* DetailViewController.swift */; };
		DE5A93FF1FB14EA8000B4368 /* Main.storyboard in Resources */ = {isa = PBXBuildFile; fileRef = DE5A93FD1FB14EA8000B4368 /* Main.storyboard */; };
		DE5A94011FB14EA8000B4368 /* Assets.xcassets in Resources */ = {isa = PBXBuildFile; fileRef = DE5A94001FB14EA8000B4368 /* Assets.xcassets */; };
		DE5A94041FB14EA8000B4368 /* LaunchScreen.storyboard in Resources */ = {isa = PBXBuildFile; fileRef = DE5A94021FB14EA8000B4368 /* LaunchScreen.storyboard */; };
		DE5A940F1FB14EA8000B4368 /* RealmSwiftExamplesTests.swift in Sources */ = {isa = PBXBuildFile; fileRef = DE5A940E1FB14EA8000B4368 /* RealmSwiftExamplesTests.swift */; };
		DE5A941A1FB14EA8000B4368 /* RealmSwiftExamplesUITests.swift in Sources */ = {isa = PBXBuildFile; fileRef = DE5A94191FB14EA8000B4368 /* RealmSwiftExamplesUITests.swift */; };
		DEF0E49F1FB15875003DB734 /* RealmSwift.framework in Frameworks */ = {isa = PBXBuildFile; fileRef = DEF0E49D1FB15875003DB734 /* RealmSwift.framework */; };
		DEF0E4A01FB15875003DB734 /* Realm.framework in Frameworks */ = {isa = PBXBuildFile; fileRef = DEF0E49E1FB15875003DB734 /* Realm.framework */; };
/* End PBXBuildFile section */

/* Begin PBXContainerItemProxy section */
		DE5A940B1FB14EA8000B4368 /* PBXContainerItemProxy */ = {
			isa = PBXContainerItemProxy;
			containerPortal = DE5A93EC1FB14EA8000B4368 /* Project object */;
			proxyType = 1;
			remoteGlobalIDString = DE5A93F31FB14EA8000B4368;
			remoteInfo = RealmSwiftExamples;
		};
		DE5A94161FB14EA8000B4368 /* PBXContainerItemProxy */ = {
			isa = PBXContainerItemProxy;
			containerPortal = DE5A93EC1FB14EA8000B4368 /* Project object */;
			proxyType = 1;
			remoteGlobalIDString = DE5A93F31FB14EA8000B4368;
			remoteInfo = RealmSwiftExamples;
		};
/* End PBXContainerItemProxy section */

/* Begin PBXFileReference section */
		DE5A93F41FB14EA8000B4368 /* RealmSwiftExamples.app */ = {isa = PBXFileReference; explicitFileType = wrapper.application; includeInIndex = 0; path = RealmSwiftExamples.app; sourceTree = BUILT_PRODUCTS_DIR; };
		DE5A93F71FB14EA8000B4368 /* AppDelegate.swift */ = {isa = PBXFileReference; lastKnownFileType = sourcecode.swift; path = AppDelegate.swift; sourceTree = "<group>"; };
		DE5A93F91FB14EA8000B4368 /* MasterViewController.swift */ = {isa = PBXFileReference; lastKnownFileType = sourcecode.swift; path = MasterViewController.swift; sourceTree = "<group>"; };
		DE5A93FB1FB14EA8000B4368 /* DetailViewController.swift */ = {isa = PBXFileReference; lastKnownFileType = sourcecode.swift; path = DetailViewController.swift; sourceTree = "<group>"; };
		DE5A93FE1FB14EA8000B4368 /* Base */ = {isa = PBXFileReference; lastKnownFileType = file.storyboard; name = Base; path = Base.lproj/Main.storyboard; sourceTree = "<group>"; };
		DE5A94001FB14EA8000B4368 /* Assets.xcassets */ = {isa = PBXFileReference; lastKnownFileType = folder.assetcatalog; path = Assets.xcassets; sourceTree = "<group>"; };
		DE5A94031FB14EA8000B4368 /* Base */ = {isa = PBXFileReference; lastKnownFileType = file.storyboard; name = Base; path = Base.lproj/LaunchScreen.storyboard; sourceTree = "<group>"; };
		DE5A94051FB14EA8000B4368 /* Info.plist */ = {isa = PBXFileReference; lastKnownFileType = text.plist.xml; path = Info.plist; sourceTree = "<group>"; };
		DE5A940A1FB14EA8000B4368 /* RealmSwiftExamplesTests.xctest */ = {isa = PBXFileReference; explicitFileType = wrapper.cfbundle; includeInIndex = 0; path = RealmSwiftExamplesTests.xctest; sourceTree = BUILT_PRODUCTS_DIR; };
		DE5A940E1FB14EA8000B4368 /* RealmSwiftExamplesTests.swift */ = {isa = PBXFileReference; lastKnownFileType = sourcecode.swift; path = RealmSwiftExamplesTests.swift; sourceTree = "<group>"; };
		DE5A94101FB14EA8000B4368 /* Info.plist */ = {isa = PBXFileReference; lastKnownFileType = text.plist.xml; path = Info.plist; sourceTree = "<group>"; };
		DE5A94151FB14EA8000B4368 /* RealmSwiftExamplesUITests.xctest */ = {isa = PBXFileReference; explicitFileType = wrapper.cfbundle; includeInIndex = 0; path = RealmSwiftExamplesUITests.xctest; sourceTree = BUILT_PRODUCTS_DIR; };
		DE5A94191FB14EA8000B4368 /* RealmSwiftExamplesUITests.swift */ = {isa = PBXFileReference; lastKnownFileType = sourcecode.swift; path = RealmSwiftExamplesUITests.swift; sourceTree = "<group>"; };
		DE5A941B1FB14EA8000B4368 /* Info.plist */ = {isa = PBXFileReference; lastKnownFileType = text.plist.xml; path = Info.plist; sourceTree = "<group>"; };
		DEF0E49D1FB15875003DB734 /* RealmSwift.framework */ = {isa = PBXFileReference; lastKnownFileType = wrapper.framework; path = RealmSwift.framework; sourceTree = "<group>"; };
		DEF0E49E1FB15875003DB734 /* Realm.framework */ = {isa = PBXFileReference; lastKnownFileType = wrapper.framework; path = Realm.framework; sourceTree = "<group>"; };
/* End PBXFileReference section */

/* Begin PBXFrameworksBuildPhase section */
		DE5A93F11FB14EA8000B4368 /* Frameworks */ = {
			isa = PBXFrameworksBuildPhase;
			buildActionMask = 2147483647;
			files = (
				DEF0E4A01FB15875003DB734 /* Realm.framework in Frameworks */,
				DEF0E49F1FB15875003DB734 /* RealmSwift.framework in Frameworks */,
			);
			runOnlyForDeploymentPostprocessing = 0;
		};
		DE5A94071FB14EA8000B4368 /* Frameworks */ = {
			isa = PBXFrameworksBuildPhase;
			buildActionMask = 2147483647;
			files = (
			);
			runOnlyForDeploymentPostprocessing = 0;
		};
		DE5A94121FB14EA8000B4368 /* Frameworks */ = {
			isa = PBXFrameworksBuildPhase;
			buildActionMask = 2147483647;
			files = (
			);
			runOnlyForDeploymentPostprocessing = 0;
		};
/* End PBXFrameworksBuildPhase section */

/* Begin PBXGroup section */
		DE5A93EB1FB14EA8000B4368 = {
			isa = PBXGroup;
			children = (
				DE5A93F61FB14EA8000B4368 /* RealmSwiftExamples */,
				DE5A940D1FB14EA8000B4368 /* RealmSwiftExamplesTests */,
				DE5A94181FB14EA8000B4368 /* RealmSwiftExamplesUITests */,
				DE5A93F51FB14EA8000B4368 /* Products */,
			);
			sourceTree = "<group>";
		};
		DE5A93F51FB14EA8000B4368 /* Products */ = {
			isa = PBXGroup;
			children = (
				DE5A93F41FB14EA8000B4368 /* RealmSwiftExamples.app */,
				DE5A940A1FB14EA8000B4368 /* RealmSwiftExamplesTests.xctest */,
				DE5A94151FB14EA8000B4368 /* RealmSwiftExamplesUITests.xctest */,
			);
			name = Products;
			sourceTree = "<group>";
		};
		DE5A93F61FB14EA8000B4368 /* RealmSwiftExamples */ = {
			isa = PBXGroup;
			children = (
				DEF0E49C1FB15875003DB734 /* RealmFrameworks */,
				DE5A93F71FB14EA8000B4368 /* AppDelegate.swift */,
				DE5A93F91FB14EA8000B4368 /* MasterViewController.swift */,
				DE5A93FB1FB14EA8000B4368 /* DetailViewController.swift */,
				DE5A93FD1FB14EA8000B4368 /* Main.storyboard */,
				DE5A94001FB14EA8000B4368 /* Assets.xcassets */,
				DE5A94021FB14EA8000B4368 /* LaunchScreen.storyboard */,
				DE5A94051FB14EA8000B4368 /* Info.plist */,
			);
			path = RealmSwiftExamples;
			sourceTree = "<group>";
		};
		DE5A940D1FB14EA8000B4368 /* RealmSwiftExamplesTests */ = {
			isa = PBXGroup;
			children = (
				DE5A940E1FB14EA8000B4368 /* RealmSwiftExamplesTests.swift */,
				DE5A94101FB14EA8000B4368 /* Info.plist */,
			);
			path = RealmSwiftExamplesTests;
			sourceTree = "<group>";
		};
		DE5A94181FB14EA8000B4368 /* RealmSwiftExamplesUITests */ = {
			isa = PBXGroup;
			children = (
				DE5A94191FB14EA8000B4368 /* RealmSwiftExamplesUITests.swift */,
				DE5A941B1FB14EA8000B4368 /* Info.plist */,
			);
			path = RealmSwiftExamplesUITests;
			sourceTree = "<group>";
		};
		DEF0E49C1FB15875003DB734 /* RealmFrameworks */ = {
			isa = PBXGroup;
			children = (
				DEF0E49E1FB15875003DB734 /* Realm.framework */,
				DEF0E49D1FB15875003DB734 /* RealmSwift.framework */,
			);
			path = RealmFrameworks;
			sourceTree = "<group>";
		};
/* End PBXGroup section */

/* Begin PBXNativeTarget section */
		DE5A93F31FB14EA8000B4368 /* RealmSwiftExamples */ = {
			isa = PBXNativeTarget;
			buildConfigurationList = DE5A941E1FB14EA8000B4368 /* Build configuration list for PBXNativeTarget "RealmSwiftExamples" */;
			buildPhases = (
				DE5A93F01FB14EA8000B4368 /* Sources */,
				DE5A93F11FB14EA8000B4368 /* Frameworks */,
				DE5A93F21FB14EA8000B4368 /* Resources */,
			);
			buildRules = (
			);
			dependencies = (
			);
			name = RealmSwiftExamples;
			productName = RealmSwiftExamples;
			productReference = DE5A93F41FB14EA8000B4368 /* RealmSwiftExamples.app */;
			productType = "com.apple.product-type.application";
		};
		DE5A94091FB14EA8000B4368 /* RealmSwiftExamplesTests */ = {
			isa = PBXNativeTarget;
			buildConfigurationList = DE5A94211FB14EA8000B4368 /* Build configuration list for PBXNativeTarget "RealmSwiftExamplesTests" */;
			buildPhases = (
				DE5A94061FB14EA8000B4368 /* Sources */,
				DE5A94071FB14EA8000B4368 /* Frameworks */,
				DE5A94081FB14EA8000B4368 /* Resources */,
			);
			buildRules = (
			);
			dependencies = (
				DE5A940C1FB14EA8000B4368 /* PBXTargetDependency */,
			);
			name = RealmSwiftExamplesTests;
			productName = RealmSwiftExamplesTests;
			productReference = DE5A940A1FB14EA8000B4368 /* RealmSwiftExamplesTests.xctest */;
			productType = "com.apple.product-type.bundle.unit-test";
		};
		DE5A94141FB14EA8000B4368 /* RealmSwiftExamplesUITests */ = {
			isa = PBXNativeTarget;
			buildConfigurationList = DE5A94241FB14EA8000B4368 /* Build configuration list for PBXNativeTarget "RealmSwiftExamplesUITests" */;
			buildPhases = (
				DE5A94111FB14EA8000B4368 /* Sources */,
				DE5A94121FB14EA8000B4368 /* Frameworks */,
				DE5A94131FB14EA8000B4368 /* Resources */,
			);
			buildRules = (
			);
			dependencies = (
				DE5A94171FB14EA8000B4368 /* PBXTargetDependency */,
			);
			name = RealmSwiftExamplesUITests;
			productName = RealmSwiftExamplesUITests;
			productReference = DE5A94151FB14EA8000B4368 /* RealmSwiftExamplesUITests.xctest */;
			productType = "com.apple.product-type.bundle.ui-testing";
		};
/* End PBXNativeTarget section */

/* Begin PBXProject section */
		DE5A93EC1FB14EA8000B4368 /* Project object */ = {
			isa = PBXProject;
			attributes = {
				LastSwiftUpdateCheck = 0910;
				LastUpgradeCheck = 0910;
				ORGANIZATIONNAME = "Beepscore LLC";
				TargetAttributes = {
					DE5A93F31FB14EA8000B4368 = {
						CreatedOnToolsVersion = 9.1;
						ProvisioningStyle = Automatic;
					};
					DE5A94091FB14EA8000B4368 = {
						CreatedOnToolsVersion = 9.1;
						ProvisioningStyle = Automatic;
						TestTargetID = DE5A93F31FB14EA8000B4368;
					};
					DE5A94141FB14EA8000B4368 = {
						CreatedOnToolsVersion = 9.1;
						ProvisioningStyle = Automatic;
						TestTargetID = DE5A93F31FB14EA8000B4368;
					};
				};
			};
			buildConfigurationList = DE5A93EF1FB14EA8000B4368 /* Build configuration list for PBXProject "RealmSwiftExamples" */;
			compatibilityVersion = "Xcode 8.0";
			developmentRegion = en;
			hasScannedForEncodings = 0;
			knownRegions = (
				en,
				Base,
			);
			mainGroup = DE5A93EB1FB14EA8000B4368;
			productRefGroup = DE5A93F51FB14EA8000B4368 /* Products */;
			projectDirPath = "";
			projectRoot = "";
			targets = (
				DE5A93F31FB14EA8000B4368 /* RealmSwiftExamples */,
				DE5A94091FB14EA8000B4368 /* RealmSwiftExamplesTests */,
				DE5A94141FB14EA8000B4368 /* RealmSwiftExamplesUITests */,
			);
		};
/* End PBXProject section */

/* Begin PBXResourcesBuildPhase section */
		DE5A93F21FB14EA8000B4368 /* Resources */ = {
			isa = PBXResourcesBuildPhase;
			buildActionMask = 2147483647;
			files = (
				DE5A94041FB14EA8000B4368 /* LaunchScreen.storyboard in Resources */,
				DE5A94011FB14EA8000B4368 /* Assets.xcassets in Resources */,
				DE5A93FF1FB14EA8000B4368 /* Main.storyboard in Resources */,
			);
			runOnlyForDeploymentPostprocessing = 0;
		};
		DE5A94081FB14EA8000B4368 /* Resources */ = {
			isa = PBXResourcesBuildPhase;
			buildActionMask = 2147483647;
			files = (
			);
			runOnlyForDeploymentPostprocessing = 0;
		};
		DE5A94131FB14EA8000B4368 /* Resources */ = {
			isa = PBXResourcesBuildPhase;
			buildActionMask = 2147483647;
			files = (
			);
			runOnlyForDeploymentPostprocessing = 0;
		};
/* End PBXResourcesBuildPhase section */

/* Begin PBXSourcesBuildPhase section */
		DE5A93F01FB14EA8000B4368 /* Sources */ = {
			isa = PBXSourcesBuildPhase;
			buildActionMask = 2147483647;
			files = (
				DE5A93FC1FB14EA8000B4368 /* DetailViewController.swift in Sources */,
				DE5A93FA1FB14EA8000B4368 /* MasterViewController.swift in Sources */,
				DE5A93F81FB14EA8000B4368 /* AppDelegate.swift in Sources */,
			);
			runOnlyForDeploymentPostprocessing = 0;
		};
		DE5A94061FB14EA8000B4368 /* Sources */ = {
			isa = PBXSourcesBuildPhase;
			buildActionMask = 2147483647;
			files = (
				DE5A940F1FB14EA8000B4368 /* RealmSwiftExamplesTests.swift in Sources */,
			);
			runOnlyForDeploymentPostprocessing = 0;
		};
		DE5A94111FB14EA8000B4368 /* Sources */ = {
			isa = PBXSourcesBuildPhase;
			buildActionMask = 2147483647;
			files = (
				DE5A941A1FB14EA8000B4368 /* RealmSwiftExamplesUITests.swift in Sources */,
			);
			runOnlyForDeploymentPostprocessing = 0;
		};
/* End PBXSourcesBuildPhase section */

/* Begin PBXTargetDependency section */
		DE5A940C1FB14EA8000B4368 /* PBXTargetDependency */ = {
			isa = PBXTargetDependency;
			target = DE5A93F31FB14EA8000B4368 /* RealmSwiftExamples */;
			targetProxy = DE5A940B1FB14EA8000B4368 /* PBXContainerItemProxy */;
		};
		DE5A94171FB14EA8000B4368 /* PBXTargetDependency */ = {
			isa = PBXTargetDependency;
			target = DE5A93F31FB14EA8000B4368 /* RealmSwiftExamples */;
			targetProxy = DE5A94161FB14EA8000B4368 /* PBXContainerItemProxy */;
		};
/* End PBXTargetDependency section */

/* Begin PBXVariantGroup section */
		DE5A93FD1FB14EA8000B4368 /* Main.storyboard */ = {
			isa = PBXVariantGroup;
			children = (
				DE5A93FE1FB14EA8000B4368 /* Base */,
			);
			name = Main.storyboard;
			sourceTree = "<group>";
		};
		DE5A94021FB14EA8000B4368 /* LaunchScreen.storyboard */ = {
			isa = PBXVariantGroup;
			children = (
				DE5A94031FB14EA8000B4368 /* Base */,
			);
			name = LaunchScreen.storyboard;
			sourceTree = "<group>";
		};
/* End PBXVariantGroup section */

/* Begin XCBuildConfiguration section */
		DE5A941C1FB14EA8000B4368 /* Debug */ = {
			isa = XCBuildConfiguration;
			buildSettings = {
				ALWAYS_SEARCH_USER_PATHS = NO;
				CLANG_ANALYZER_NONNULL = YES;
				CLANG_ANALYZER_NUMBER_OBJECT_CONVERSION = YES_AGGRESSIVE;
				CLANG_CXX_LANGUAGE_STANDARD = "gnu++14";
				CLANG_CXX_LIBRARY = "libc++";
				CLANG_ENABLE_MODULES = YES;
				CLANG_ENABLE_OBJC_ARC = YES;
				CLANG_WARN_BLOCK_CAPTURE_AUTORELEASING = YES;
				CLANG_WARN_BOOL_CONVERSION = YES;
				CLANG_WARN_COMMA = YES;
				CLANG_WARN_CONSTANT_CONVERSION = YES;
				CLANG_WARN_DIRECT_OBJC_ISA_USAGE = YES_ERROR;
				CLANG_WARN_DOCUMENTATION_COMMENTS = YES;
				CLANG_WARN_EMPTY_BODY = YES;
				CLANG_WARN_ENUM_CONVERSION = YES;
				CLANG_WARN_INFINITE_RECURSION = YES;
				CLANG_WARN_INT_CONVERSION = YES;
				CLANG_WARN_NON_LITERAL_NULL_CONVERSION = YES;
				CLANG_WARN_OBJC_LITERAL_CONVERSION = YES;
				CLANG_WARN_OBJC_ROOT_CLASS = YES_ERROR;
				CLANG_WARN_RANGE_LOOP_ANALYSIS = YES;
				CLANG_WARN_STRICT_PROTOTYPES = YES;
				CLANG_WARN_SUSPICIOUS_MOVE = YES;
				CLANG_WARN_UNGUARDED_AVAILABILITY = YES_AGGRESSIVE;
				CLANG_WARN_UNREACHABLE_CODE = YES;
				CLANG_WARN__DUPLICATE_METHOD_MATCH = YES;
				CODE_SIGN_IDENTITY = "iPhone Developer";
				COPY_PHASE_STRIP = NO;
				DEBUG_INFORMATION_FORMAT = dwarf;
				ENABLE_STRICT_OBJC_MSGSEND = YES;
				ENABLE_TESTABILITY = YES;
				GCC_C_LANGUAGE_STANDARD = gnu11;
				GCC_DYNAMIC_NO_PIC = NO;
				GCC_NO_COMMON_BLOCKS = YES;
				GCC_OPTIMIZATION_LEVEL = 0;
				GCC_PREPROCESSOR_DEFINITIONS = (
					"DEBUG=1",
					"$(inherited)",
				);
				GCC_WARN_64_TO_32_BIT_CONVERSION = YES;
				GCC_WARN_ABOUT_RETURN_TYPE = YES_ERROR;
				GCC_WARN_UNDECLARED_SELECTOR = YES;
				GCC_WARN_UNINITIALIZED_AUTOS = YES_AGGRESSIVE;
				GCC_WARN_UNUSED_FUNCTION = YES;
				GCC_WARN_UNUSED_VARIABLE = YES;
				IPHONEOS_DEPLOYMENT_TARGET = 11.1;
				MTL_ENABLE_DEBUG_INFO = YES;
				ONLY_ACTIVE_ARCH = YES;
				SDKROOT = iphoneos;
				SWIFT_ACTIVE_COMPILATION_CONDITIONS = DEBUG;
				SWIFT_OPTIMIZATION_LEVEL = "-Onone";
			};
			name = Debug;
		};
		DE5A941D1FB14EA8000B4368 /* Release */ = {
			isa = XCBuildConfiguration;
			buildSettings = {
				ALWAYS_SEARCH_USER_PATHS = NO;
				CLANG_ANALYZER_NONNULL = YES;
				CLANG_ANALYZER_NUMBER_OBJECT_CONVERSION = YES_AGGRESSIVE;
				CLANG_CXX_LANGUAGE_STANDARD = "gnu++14";
				CLANG_CXX_LIBRARY = "libc++";
				CLANG_ENABLE_MODULES = YES;
				CLANG_ENABLE_OBJC_ARC = YES;
				CLANG_WARN_BLOCK_CAPTURE_AUTORELEASING = YES;
				CLANG_WARN_BOOL_CONVERSION = YES;
				CLANG_WARN_COMMA = YES;
				CLANG_WARN_CONSTANT_CONVERSION = YES;
				CLANG_WARN_DIRECT_OBJC_ISA_USAGE = YES_ERROR;
				CLANG_WARN_DOCUMENTATION_COMMENTS = YES;
				CLANG_WARN_EMPTY_BODY = YES;
				CLANG_WARN_ENUM_CONVERSION = YES;
				CLANG_WARN_INFINITE_RECURSION = YES;
				CLANG_WARN_INT_CONVERSION = YES;
				CLANG_WARN_NON_LITERAL_NULL_CONVERSION = YES;
				CLANG_WARN_OBJC_LITERAL_CONVERSION = YES;
				CLANG_WARN_OBJC_ROOT_CLASS = YES_ERROR;
				CLANG_WARN_RANGE_LOOP_ANALYSIS = YES;
				CLANG_WARN_STRICT_PROTOTYPES = YES;
				CLANG_WARN_SUSPICIOUS_MOVE = YES;
				CLANG_WARN_UNGUARDED_AVAILABILITY = YES_AGGRESSIVE;
				CLANG_WARN_UNREACHABLE_CODE = YES;
				CLANG_WARN__DUPLICATE_METHOD_MATCH = YES;
				CODE_SIGN_IDENTITY = "iPhone Developer";
				COPY_PHASE_STRIP = NO;
				DEBUG_INFORMATION_FORMAT = "dwarf-with-dsym";
				ENABLE_NS_ASSERTIONS = NO;
				ENABLE_STRICT_OBJC_MSGSEND = YES;
				GCC_C_LANGUAGE_STANDARD = gnu11;
				GCC_NO_COMMON_BLOCKS = YES;
				GCC_WARN_64_TO_32_BIT_CONVERSION = YES;
				GCC_WARN_ABOUT_RETURN_TYPE = YES_ERROR;
				GCC_WARN_UNDECLARED_SELECTOR = YES;
				GCC_WARN_UNINITIALIZED_AUTOS = YES_AGGRESSIVE;
				GCC_WARN_UNUSED_FUNCTION = YES;
				GCC_WARN_UNUSED_VARIABLE = YES;
				IPHONEOS_DEPLOYMENT_TARGET = 11.1;
				MTL_ENABLE_DEBUG_INFO = NO;
				SDKROOT = iphoneos;
				SWIFT_OPTIMIZATION_LEVEL = "-Owholemodule";
				VALIDATE_PRODUCT = YES;
			};
			name = Release;
		};
		DE5A941F1FB14EA8000B4368 /* Debug */ = {
			isa = XCBuildConfiguration;
			buildSettings = {
				ASSETCATALOG_COMPILER_APPICON_NAME = AppIcon;
				CODE_SIGN_STYLE = Automatic;
				DEVELOPMENT_TEAM = J2LXK9FK3W;
				FRAMEWORK_SEARCH_PATHS = (
					"$(inherited)",
					"$(PROJECT_DIR)/RealmSwiftExamples/RealmFrameworks",
				);
				INFOPLIST_FILE = RealmSwiftExamples/Info.plist;
				LD_RUNPATH_SEARCH_PATHS = "$(inherited) @executable_path/Frameworks";
				PRODUCT_BUNDLE_IDENTIFIER = com.beepscore.RealmSwiftExamples;
				PRODUCT_NAME = "$(TARGET_NAME)";
				SWIFT_VERSION = 4.0;
				TARGETED_DEVICE_FAMILY = "1,2";
			};
			name = Debug;
		};
		DE5A94201FB14EA8000B4368 /* Release */ = {
			isa = XCBuildConfiguration;
			buildSettings = {
				ASSETCATALOG_COMPILER_APPICON_NAME = AppIcon;
				CODE_SIGN_STYLE = Automatic;
				DEVELOPMENT_TEAM = J2LXK9FK3W;
				FRAMEWORK_SEARCH_PATHS = (
					"$(inherited)",
					"$(PROJECT_DIR)/RealmSwiftExamples/RealmFrameworks",
				);
				INFOPLIST_FILE = RealmSwiftExamples/Info.plist;
				LD_RUNPATH_SEARCH_PATHS = "$(inherited) @executable_path/Frameworks";
				PRODUCT_BUNDLE_IDENTIFIER = com.beepscore.RealmSwiftExamples;
				PRODUCT_NAME = "$(TARGET_NAME)";
				SWIFT_VERSION = 4.0;
				TARGETED_DEVICE_FAMILY = "1,2";
			};
			name = Release;
		};
		DE5A94221FB14EA8000B4368 /* Debug */ = {
			isa = XCBuildConfiguration;
			buildSettings = {
				ALWAYS_EMBED_SWIFT_STANDARD_LIBRARIES = YES;
				BUNDLE_LOADER = "$(TEST_HOST)";
				CODE_SIGN_STYLE = Automatic;
				DEVELOPMENT_TEAM = J2LXK9FK3W;
				INFOPLIST_FILE = RealmSwiftExamplesTests/Info.plist;
				LD_RUNPATH_SEARCH_PATHS = "$(inherited) @executable_path/Frameworks @loader_path/Frameworks";
				PRODUCT_BUNDLE_IDENTIFIER = com.beepscore.RealmSwiftExamplesTests;
				PRODUCT_NAME = "$(TARGET_NAME)";
				SWIFT_VERSION = 4.0;
				TARGETED_DEVICE_FAMILY = "1,2";
				TEST_HOST = "$(BUILT_PRODUCTS_DIR)/RealmSwiftExamples.app/RealmSwiftExamples";
			};
			name = Debug;
		};
		DE5A94231FB14EA8000B4368 /* Release */ = {
			isa = XCBuildConfiguration;
			buildSettings = {
				ALWAYS_EMBED_SWIFT_STANDARD_LIBRARIES = YES;
				BUNDLE_LOADER = "$(TEST_HOST)";
				CODE_SIGN_STYLE = Automatic;
				DEVELOPMENT_TEAM = J2LXK9FK3W;
				INFOPLIST_FILE = RealmSwiftExamplesTests/Info.plist;
				LD_RUNPATH_SEARCH_PATHS = "$(inherited) @executable_path/Frameworks @loader_path/Frameworks";
				PRODUCT_BUNDLE_IDENTIFIER = com.beepscore.RealmSwiftExamplesTests;
				PRODUCT_NAME = "$(TARGET_NAME)";
				SWIFT_VERSION = 4.0;
				TARGETED_DEVICE_FAMILY = "1,2";
				TEST_HOST = "$(BUILT_PRODUCTS_DIR)/RealmSwiftExamples.app/RealmSwiftExamples";
			};
			name = Release;
		};
		DE5A94251FB14EA8000B4368 /* Debug */ = {
			isa = XCBuildConfiguration;
			buildSettings = {
				ALWAYS_EMBED_SWIFT_STANDARD_LIBRARIES = YES;
				CODE_SIGN_STYLE = Automatic;
				DEVELOPMENT_TEAM = J2LXK9FK3W;
				INFOPLIST_FILE = RealmSwiftExamplesUITests/Info.plist;
				LD_RUNPATH_SEARCH_PATHS = "$(inherited) @executable_path/Frameworks @loader_path/Frameworks";
				PRODUCT_BUNDLE_IDENTIFIER = com.beepscore.RealmSwiftExamplesUITests;
				PRODUCT_NAME = "$(TARGET_NAME)";
				SWIFT_VERSION = 4.0;
				TARGETED_DEVICE_FAMILY = "1,2";
				TEST_TARGET_NAME = RealmSwiftExamples;
			};
			name = Debug;
		};
		DE5A94261FB14EA8000B4368 /* Release */ = {
			isa = XCBuildConfiguration;
			buildSettings = {
				ALWAYS_EMBED_SWIFT_STANDARD_LIBRARIES = YES;
				CODE_SIGN_STYLE = Automatic;
				DEVELOPMENT_TEAM = J2LXK9FK3W;
				INFOPLIST_FILE = RealmSwiftExamplesUITests/Info.plist;
				LD_RUNPATH_SEARCH_PATHS = "$(inherited) @executable_path/Frameworks @loader_path/Frameworks";
				PRODUCT_BUNDLE_IDENTIFIER = com.beepscore.RealmSwiftExamplesUITests;
				PRODUCT_NAME = "$(TARGET_NAME)";
				SWIFT_VERSION = 4.0;
				TARGETED_DEVICE_FAMILY = "1,2";
				TEST_TARGET_NAME = RealmSwiftExamples;
			};
			name = Release;
		};
/* End XCBuildConfiguration section */

/* Begin XCConfigurationList section */
		DE5A93EF1FB14EA8000B4368 /* Build configuration list for PBXProject "RealmSwiftExamples" */ = {
			isa = XCConfigurationList;
			buildConfigurations = (
				DE5A941C1FB14EA8000B4368 /* Debug */,
				DE5A941D1FB14EA8000B4368 /* Release */,
			);
			defaultConfigurationIsVisible = 0;
			defaultConfigurationName = Release;
		};
		DE5A941E1FB14EA8000B4368 /* Build configuration list for PBXNativeTarget "RealmSwiftExamples" */ = {
			isa = XCConfigurationList;
			buildConfigurations = (
				DE5A941F1FB14EA8000B4368 /* Debug */,
				DE5A94201FB14EA8000B4368 /* Release */,
			);
			defaultConfigurationIsVisible = 0;
			defaultConfigurationName = Release;
		};
		DE5A94211FB14EA8000B4368 /* Build configuration list for PBXNativeTarget "RealmSwiftExamplesTests" */ = {
			isa = XCConfigurationList;
			buildConfigurations = (
				DE5A94221FB14EA8000B4368 /* Debug */,
				DE5A94231FB14EA8000B4368 /* Release */,
			);
			defaultConfigurationIsVisible = 0;
			defaultConfigurationName = Release;
		};
		DE5A94241FB14EA8000B4368 /* Build configuration list for PBXNativeTarget "RealmSwiftExamplesUITests" */ = {
			isa = XCConfigurationList;
			buildConfigurations = (
				DE5A94251FB14EA8000B4368 /* Debug */,
				DE5A94261FB14EA8000B4368 /* Release */,
			);
			defaultConfigurationIsVisible = 0;
			defaultConfigurationName = Release;
		};
/* End XCConfigurationList section */
	};
	rootObject = DE5A93EC1FB14EA8000B4368 /* Project object */;
}
